
Microsoft Visual Studio Solution File, Format Version 12.00
# Visual Studio Version 17
VisualStudioVersion = 17.6.33829.357
MinimumVisualStudioVersion = 10.0.40219.1
Project("{FAE04EC0-301F-11D3-BF4B-00C04F79EFBC}") = "TodoApi", "TodoApi.csproj", "{B8137C15-A0A0-4D21-85C7-964427ED5153}"
EndProject
Global
	GlobalSection(SolutionConfigurationPlatforms) = preSolution
		Debug|Any CPU = Debug|Any CPU
		Release|Any CPU = Release|Any CPU
	EndGlobalSection
	GlobalSection(ProjectConfigurationPlatforms) = postSolution
		{B8137C15-A0A0-4D21-85C7-964427ED5153}.Debug|Any CPU.ActiveCfg = Debug|Any CPU
		{B8137C15-A0A0-4D21-85C7-964427ED5153}.Debug|Any CPU.Build.0 = Debug|Any CPU
		{B8137C15-A0A0-4D21-85C7-964427ED5153}.Release|Any CPU.ActiveCfg = Release|Any CPU
		{B8137C15-A0A0-4D21-85C7-964427ED5153}.Release|Any CPU.Build.0 = Release|Any CPU
	EndGlobalSection
	GlobalSection(SolutionProperties) = preSolution
		HideSolutionNode = FALSE
	EndGlobalSection
	GlobalSection(ExtensibilityGlobals) = postSolution
		SolutionGuid = {C6862142-8674-4BC0-8EBE-A8B914A3A33E}
	EndGlobalSection
EndGlobal
